
Microsoft Visual Studio Solution File, Format Version 12.00
# Visual Studio Version 17
VisualStudioVersion = 17.10.35122.118
MinimumVisualStudioVersion = 10.0.40219.1
Project("{FAE04EC0-301F-11D3-BF4B-00C04F79EFBC}") = "cdstats", "datacollector\datacollector.csproj", "{CF763DA1-7572-44C2-9F1C-C3A311AD8A03}"
EndProject
Global
	GlobalSection(SolutionConfigurationPlatforms) = preSolution
		Debug|Any CPU = Debug|Any CPU
		Release|Any CPU = Release|Any CPU
	EndGlobalSection
	GlobalSection(ProjectConfigurationPlatforms) = postSolution
		{CF763DA1-7572-44C2-9F1C-C3A311AD8A03}.Debug|Any CPU.ActiveCfg = Debug|Any CPU
		{CF763DA1-7572-44C2-9F1C-C3A311AD8A03}.Debug|Any CPU.Build.0 = Debug|Any CPU
		{CF763DA1-7572-44C2-9F1C-C3A311AD8A03}.Release|Any CPU.ActiveCfg = Release|Any CPU
		{CF763DA1-7572-44C2-9F1C-C3A311AD8A03}.Release|Any CPU.Build.0 = Release|Any CPU
	EndGlobalSection
	GlobalSection(SolutionProperties) = preSolution
		HideSolutionNode = FALSE
	EndGlobalSection
	GlobalSection(ExtensibilityGlobals) = postSolution
		SolutionGuid = {E3C6ED99-5BAE-43CA-A741-5F3B7B2DE68B}
	EndGlobalSection
EndGlobal
