
Microsoft Visual Studio Solution File, Format Version 12.00
# Visual Studio Version 17
VisualStudioVersion = 17.12.35527.113
MinimumVisualStudioVersion = 10.0.40219.1
Project("{FAE04EC0-301F-11D3-BF4B-00C04F79EFBC}") = "id3stats_core", "id3stats_core\id3stats_core.csproj", "{64613A99-62D0-4A10-BB23-296344B52986}"
EndProject
Project("{FAE04EC0-301F-11D3-BF4B-00C04F79EFBC}") = "datacollector", "datacollector\datacollector.csproj", "{047EB426-AA15-467E-82C4-6DA01192FF1A}"
EndProject
Project("{FAE04EC0-301F-11D3-BF4B-00C04F79EFBC}") = "id3stats", "id3stats\id3stats.csproj", "{BD3BDCFA-C88A-48B1-A67E-6DF7381FF492}"
	ProjectSection(ProjectDependencies) = postProject
		{25FB12FB-50A8-4719-9410-6DB309B7AFD6} = {25FB12FB-50A8-4719-9410-6DB309B7AFD6}
		{758F02B2-EA39-4211-B5EA-2FD71C21FE03} = {758F02B2-EA39-4211-B5EA-2FD71C21FE03}
		{A081BB3F-5706-471E-88A2-B2EC6010D179} = {A081BB3F-5706-471E-88A2-B2EC6010D179}
		{D9E4D719-3C88-4BA8-9792-9C058FE04234} = {D9E4D719-3C88-4BA8-9792-9C058FE04234}
		{DDC5A869-53E7-4308-BCEB-4892B41A8B4B} = {DDC5A869-53E7-4308-BCEB-4892B41A8B4B}
		{E4F1C110-FD00-9628-E3CA-B0C58933CF20} = {E4F1C110-FD00-9628-E3CA-B0C58933CF20}
		{F57B44A1-91F5-4339-AE4D-393FD7EE23C2} = {F57B44A1-91F5-4339-AE4D-393FD7EE23C2}
	EndProjectSection
EndProject
Project("{FAE04EC0-301F-11D3-BF4B-00C04F79EFBC}") = "plugin_duration_collection", "plugins\plugin_duration_collection\plugin_duration_collection.csproj", "{DDC5A869-53E7-4308-BCEB-4892B41A8B4B}"
	ProjectSection(ProjectDependencies) = postProject
		{64613A99-62D0-4A10-BB23-296344B52986} = {64613A99-62D0-4A10-BB23-296344B52986}
	EndProjectSection
EndProject
Project("{FAE04EC0-301F-11D3-BF4B-00C04F79EFBC}") = "plugin_tracks_artist", "plugins\plugin_tracks_artist\plugin_tracks_artist.csproj", "{D9E4D719-3C88-4BA8-9792-9C058FE04234}"
	ProjectSection(ProjectDependencies) = postProject
		{64613A99-62D0-4A10-BB23-296344B52986} = {64613A99-62D0-4A10-BB23-296344B52986}
	EndProjectSection
EndProject
Project("{FAE04EC0-301F-11D3-BF4B-00C04F79EFBC}") = "plugin_artists_tracks", "plugins\plugin_artists_tracks\plugin_artists_tracks.csproj", "{F57B44A1-91F5-4339-AE4D-393FD7EE23C2}"
EndProject
Project("{FAE04EC0-301F-11D3-BF4B-00C04F79EFBC}") = "plugin_artists_albums", "plugins\plugin_artists_albums\plugin_artists_albums.csproj", "{A081BB3F-5706-471E-88A2-B2EC6010D179}"
EndProject
Project("{FAE04EC0-301F-11D3-BF4B-00C04F79EFBC}") = "plugin_track_doubles", "plugins\plugin_track_doubles\plugin_track_doubles.csproj", "{758F02B2-EA39-4211-B5EA-2FD71C21FE03}"
EndProject
Project("{FAE04EC0-301F-11D3-BF4B-00C04F79EFBC}") = "plugin_artists_common", "plugins\plugin_artists_common\plugin_artists_common.csproj", "{25FB12FB-50A8-4719-9410-6DB309B7AFD6}"
EndProject
Project("{FAE04EC0-301F-11D3-BF4B-00C04F79EFBC}") = "plugin_cd_sort", "plugins\plugin_cd_sort\plugin_cd_sort.csproj", "{E4F1C110-FD00-9628-E3CA-B0C58933CF20}"
EndProject
Global
	GlobalSection(SolutionConfigurationPlatforms) = preSolution
		Debug|Any CPU = Debug|Any CPU
		Release|Any CPU = Release|Any CPU
	EndGlobalSection
	GlobalSection(ProjectConfigurationPlatforms) = postSolution
		{64613A99-62D0-4A10-BB23-296344B52986}.Debug|Any CPU.ActiveCfg = Debug|Any CPU
		{64613A99-62D0-4A10-BB23-296344B52986}.Debug|Any CPU.Build.0 = Debug|Any CPU
		{64613A99-62D0-4A10-BB23-296344B52986}.Release|Any CPU.ActiveCfg = Release|Any CPU
		{64613A99-62D0-4A10-BB23-296344B52986}.Release|Any CPU.Build.0 = Release|Any CPU
		{047EB426-AA15-467E-82C4-6DA01192FF1A}.Debug|Any CPU.ActiveCfg = Debug|Any CPU
		{047EB426-AA15-467E-82C4-6DA01192FF1A}.Debug|Any CPU.Build.0 = Debug|Any CPU
		{047EB426-AA15-467E-82C4-6DA01192FF1A}.Release|Any CPU.ActiveCfg = Release|Any CPU
		{047EB426-AA15-467E-82C4-6DA01192FF1A}.Release|Any CPU.Build.0 = Release|Any CPU
		{BD3BDCFA-C88A-48B1-A67E-6DF7381FF492}.Debug|Any CPU.ActiveCfg = Debug|Any CPU
		{BD3BDCFA-C88A-48B1-A67E-6DF7381FF492}.Debug|Any CPU.Build.0 = Debug|Any CPU
		{BD3BDCFA-C88A-48B1-A67E-6DF7381FF492}.Release|Any CPU.ActiveCfg = Release|Any CPU
		{BD3BDCFA-C88A-48B1-A67E-6DF7381FF492}.Release|Any CPU.Build.0 = Release|Any CPU
		{DDC5A869-53E7-4308-BCEB-4892B41A8B4B}.Debug|Any CPU.ActiveCfg = Debug|Any CPU
		{DDC5A869-53E7-4308-BCEB-4892B41A8B4B}.Debug|Any CPU.Build.0 = Debug|Any CPU
		{DDC5A869-53E7-4308-BCEB-4892B41A8B4B}.Release|Any CPU.ActiveCfg = Release|Any CPU
		{DDC5A869-53E7-4308-BCEB-4892B41A8B4B}.Release|Any CPU.Build.0 = Release|Any CPU
		{D9E4D719-3C88-4BA8-9792-9C058FE04234}.Debug|Any CPU.ActiveCfg = Debug|Any CPU
		{D9E4D719-3C88-4BA8-9792-9C058FE04234}.Debug|Any CPU.Build.0 = Debug|Any CPU
		{D9E4D719-3C88-4BA8-9792-9C058FE04234}.Release|Any CPU.ActiveCfg = Release|Any CPU
		{D9E4D719-3C88-4BA8-9792-9C058FE04234}.Release|Any CPU.Build.0 = Release|Any CPU
		{F57B44A1-91F5-4339-AE4D-393FD7EE23C2}.Debug|Any CPU.ActiveCfg = Debug|Any CPU
		{F57B44A1-91F5-4339-AE4D-393FD7EE23C2}.Debug|Any CPU.Build.0 = Debug|Any CPU
		{F57B44A1-91F5-4339-AE4D-393FD7EE23C2}.Release|Any CPU.ActiveCfg = Release|Any CPU
		{F57B44A1-91F5-4339-AE4D-393FD7EE23C2}.Release|Any CPU.Build.0 = Release|Any CPU
		{A081BB3F-5706-471E-88A2-B2EC6010D179}.Debug|Any CPU.ActiveCfg = Debug|Any CPU
		{A081BB3F-5706-471E-88A2-B2EC6010D179}.Debug|Any CPU.Build.0 = Debug|Any CPU
		{A081BB3F-5706-471E-88A2-B2EC6010D179}.Release|Any CPU.ActiveCfg = Release|Any CPU
		{A081BB3F-5706-471E-88A2-B2EC6010D179}.Release|Any CPU.Build.0 = Release|Any CPU
		{758F02B2-EA39-4211-B5EA-2FD71C21FE03}.Debug|Any CPU.ActiveCfg = Debug|Any CPU
		{758F02B2-EA39-4211-B5EA-2FD71C21FE03}.Debug|Any CPU.Build.0 = Debug|Any CPU
		{758F02B2-EA39-4211-B5EA-2FD71C21FE03}.Release|Any CPU.ActiveCfg = Release|Any CPU
		{758F02B2-EA39-4211-B5EA-2FD71C21FE03}.Release|Any CPU.Build.0 = Release|Any CPU
		{25FB12FB-50A8-4719-9410-6DB309B7AFD6}.Debug|Any CPU.ActiveCfg = Debug|Any CPU
		{25FB12FB-50A8-4719-9410-6DB309B7AFD6}.Debug|Any CPU.Build.0 = Debug|Any CPU
		{25FB12FB-50A8-4719-9410-6DB309B7AFD6}.Release|Any CPU.ActiveCfg = Release|Any CPU
		{25FB12FB-50A8-4719-9410-6DB309B7AFD6}.Release|Any CPU.Build.0 = Release|Any CPU
		{E4F1C110-FD00-9628-E3CA-B0C58933CF20}.Debug|Any CPU.ActiveCfg = Debug|Any CPU
		{E4F1C110-FD00-9628-E3CA-B0C58933CF20}.Debug|Any CPU.Build.0 = Debug|Any CPU
		{E4F1C110-FD00-9628-E3CA-B0C58933CF20}.Release|Any CPU.ActiveCfg = Release|Any CPU
		{E4F1C110-FD00-9628-E3CA-B0C58933CF20}.Release|Any CPU.Build.0 = Release|Any CPU
	EndGlobalSection
	GlobalSection(SolutionProperties) = preSolution
		HideSolutionNode = FALSE
	EndGlobalSection
EndGlobal
